
Microsoft Visual Studio Solution File, Format Version 12.00
# Visual Studio Version 16
VisualStudioVersion = 16.0.31410.357
MinimumVisualStudioVersion = 10.0.40219.1
Project("{FAE04EC0-301F-11D3-BF4B-00C04F79EFBC}") = "Model", "Model\Model.csproj", "{306E3F34-DCB4-45C3-B884-221FD67E88B6}"
EndProject
Project("{2150E333-8FDC-42A3-9474-1A3956D46DE8}") = "Server", "Server", "{A67CFEC8-9B27-4AC4-936B-27EECDD42C45}"
EndProject
Project("{FAE04EC0-301F-11D3-BF4B-00C04F79EFBC}") = "BusinessLayer", "Model\BusinessLayer\BusinessLayer.csproj", "{1EB355A3-4210-4AF4-8067-BA9243477407}"
EndProject
Project("{2150E333-8FDC-42A3-9474-1A3956D46DE8}") = "Console", "Console", "{1A367058-053E-4FB7-B17F-3DF0A3BD0026}"
EndProject
Project("{FAE04EC0-301F-11D3-BF4B-00C04F79EFBC}") = "Console", "Console\Console.csproj", "{64DBD6C6-B2E9-4E8F-A0EF-B572E8D9F2B3}"
EndProject
Project("{2150E333-8FDC-42A3-9474-1A3956D46DE8}") = "WebApp", "WebApp", "{62373848-6124-479A-8800-DCBDA834356D}"
EndProject
Project("{FAE04EC0-301F-11D3-BF4B-00C04F79EFBC}") = "WebApplication", "WebApplication\WebApplication.csproj", "{0C8CEBCE-7F37-47CE-9566-80A7E18418AC}"
EndProject
Project("{2150E333-8FDC-42A3-9474-1A3956D46DE8}") = "WPFApp", "WPFApp", "{AA7B1089-513B-43A1-A39F-EE9915E60BA8}"
EndProject
Project("{FAE04EC0-301F-11D3-BF4B-00C04F79EFBC}") = "WpfApp", "WpfApp\WpfApp.csproj", "{A71D8A5D-E2E4-45F3-A1AD-FF3371CEE8E6}"
EndProject
Project("{2150E333-8FDC-42A3-9474-1A3956D46DE8}") = "Test", "Test", "{E18D8AE7-0D8C-462D-9E91-410227C8EA9B}"
EndProject
Project("{FAE04EC0-301F-11D3-BF4B-00C04F79EFBC}") = "UnitTest", "UnitTest\UnitTest.csproj", "{F3EF2087-CE34-4A39-B0AD-FF81B435BA00}"
EndProject
Global
	GlobalSection(SolutionConfigurationPlatforms) = preSolution
		Debug|Any CPU = Debug|Any CPU
		Release|Any CPU = Release|Any CPU
	EndGlobalSection
	GlobalSection(ProjectConfigurationPlatforms) = postSolution
		{306E3F34-DCB4-45C3-B884-221FD67E88B6}.Debug|Any CPU.ActiveCfg = Debug|Any CPU
		{306E3F34-DCB4-45C3-B884-221FD67E88B6}.Debug|Any CPU.Build.0 = Debug|Any CPU
		{306E3F34-DCB4-45C3-B884-221FD67E88B6}.Release|Any CPU.ActiveCfg = Release|Any CPU
		{306E3F34-DCB4-45C3-B884-221FD67E88B6}.Release|Any CPU.Build.0 = Release|Any CPU
		{1EB355A3-4210-4AF4-8067-BA9243477407}.Debug|Any CPU.ActiveCfg = Debug|Any CPU
		{1EB355A3-4210-4AF4-8067-BA9243477407}.Debug|Any CPU.Build.0 = Debug|Any CPU
		{1EB355A3-4210-4AF4-8067-BA9243477407}.Release|Any CPU.ActiveCfg = Release|Any CPU
		{1EB355A3-4210-4AF4-8067-BA9243477407}.Release|Any CPU.Build.0 = Release|Any CPU
		{64DBD6C6-B2E9-4E8F-A0EF-B572E8D9F2B3}.Debug|Any CPU.ActiveCfg = Debug|Any CPU
		{64DBD6C6-B2E9-4E8F-A0EF-B572E8D9F2B3}.Debug|Any CPU.Build.0 = Debug|Any CPU
		{64DBD6C6-B2E9-4E8F-A0EF-B572E8D9F2B3}.Release|Any CPU.ActiveCfg = Release|Any CPU
		{64DBD6C6-B2E9-4E8F-A0EF-B572E8D9F2B3}.Release|Any CPU.Build.0 = Release|Any CPU
		{0C8CEBCE-7F37-47CE-9566-80A7E18418AC}.Debug|Any CPU.ActiveCfg = Debug|Any CPU
		{0C8CEBCE-7F37-47CE-9566-80A7E18418AC}.Debug|Any CPU.Build.0 = Debug|Any CPU
		{0C8CEBCE-7F37-47CE-9566-80A7E18418AC}.Release|Any CPU.ActiveCfg = Release|Any CPU
		{0C8CEBCE-7F37-47CE-9566-80A7E18418AC}.Release|Any CPU.Build.0 = Release|Any CPU
		{A71D8A5D-E2E4-45F3-A1AD-FF3371CEE8E6}.Debug|Any CPU.ActiveCfg = Debug|Any CPU
		{A71D8A5D-E2E4-45F3-A1AD-FF3371CEE8E6}.Debug|Any CPU.Build.0 = Debug|Any CPU
		{A71D8A5D-E2E4-45F3-A1AD-FF3371CEE8E6}.Release|Any CPU.ActiveCfg = Release|Any CPU
		{A71D8A5D-E2E4-45F3-A1AD-FF3371CEE8E6}.Release|Any CPU.Build.0 = Release|Any CPU
		{F3EF2087-CE34-4A39-B0AD-FF81B435BA00}.Debug|Any CPU.ActiveCfg = Debug|Any CPU
		{F3EF2087-CE34-4A39-B0AD-FF81B435BA00}.Debug|Any CPU.Build.0 = Debug|Any CPU
		{F3EF2087-CE34-4A39-B0AD-FF81B435BA00}.Release|Any CPU.ActiveCfg = Release|Any CPU
		{F3EF2087-CE34-4A39-B0AD-FF81B435BA00}.Release|Any CPU.Build.0 = Release|Any CPU
	EndGlobalSection
	GlobalSection(SolutionProperties) = preSolution
		HideSolutionNode = FALSE
	EndGlobalSection
	GlobalSection(NestedProjects) = preSolution
		{306E3F34-DCB4-45C3-B884-221FD67E88B6} = {A67CFEC8-9B27-4AC4-936B-27EECDD42C45}
		{1EB355A3-4210-4AF4-8067-BA9243477407} = {A67CFEC8-9B27-4AC4-936B-27EECDD42C45}
		{64DBD6C6-B2E9-4E8F-A0EF-B572E8D9F2B3} = {1A367058-053E-4FB7-B17F-3DF0A3BD0026}
		{0C8CEBCE-7F37-47CE-9566-80A7E18418AC} = {62373848-6124-479A-8800-DCBDA834356D}
		{A71D8A5D-E2E4-45F3-A1AD-FF3371CEE8E6} = {AA7B1089-513B-43A1-A39F-EE9915E60BA8}
		{F3EF2087-CE34-4A39-B0AD-FF81B435BA00} = {E18D8AE7-0D8C-462D-9E91-410227C8EA9B}
	EndGlobalSection
	GlobalSection(ExtensibilityGlobals) = postSolution
		SolutionGuid = {E6E4EFE5-03FD-4726-90B4-8FB8DE000580}
	EndGlobalSection
EndGlobal
