
Microsoft Visual Studio Solution File, Format Version 12.00
# Visual Studio Version 16
VisualStudioVersion = 16.0.31410.357
MinimumVisualStudioVersion = 10.0.40219.1
Project("{FAE04EC0-301F-11D3-BF4B-00C04F79EFBC}") = "Model", "Model\Model.csproj", "{306E3F34-DCB4-45C3-B884-221FD67E88B6}"
EndProject
Project("{2150E333-8FDC-42A3-9474-1A3956D46DE8}") = "Server", "Server", "{A67CFEC8-9B27-4AC4-936B-27EECDD42C45}"
EndProject
Global
	GlobalSection(SolutionConfigurationPlatforms) = preSolution
		Debug|Any CPU = Debug|Any CPU
		Release|Any CPU = Release|Any CPU
	EndGlobalSection
	GlobalSection(ProjectConfigurationPlatforms) = postSolution
		{306E3F34-DCB4-45C3-B884-221FD67E88B6}.Debug|Any CPU.ActiveCfg = Debug|Any CPU
		{306E3F34-DCB4-45C3-B884-221FD67E88B6}.Debug|Any CPU.Build.0 = Debug|Any CPU
		{306E3F34-DCB4-45C3-B884-221FD67E88B6}.Release|Any CPU.ActiveCfg = Release|Any CPU
		{306E3F34-DCB4-45C3-B884-221FD67E88B6}.Release|Any CPU.Build.0 = Release|Any CPU
	EndGlobalSection
	GlobalSection(SolutionProperties) = preSolution
		HideSolutionNode = FALSE
	EndGlobalSection
	GlobalSection(NestedProjects) = preSolution
		{306E3F34-DCB4-45C3-B884-221FD67E88B6} = {A67CFEC8-9B27-4AC4-936B-27EECDD42C45}
	EndGlobalSection
	GlobalSection(ExtensibilityGlobals) = postSolution
		SolutionGuid = {E6E4EFE5-03FD-4726-90B4-8FB8DE000580}
	EndGlobalSection
EndGlobal
